
Microsoft Visual Studio Solution File, Format Version 12.00
# Visual Studio Version 16
VisualStudioVersion = 16.0.29806.167
MinimumVisualStudioVersion = 10.0.40219.1
Project("{9A19103F-16F7-4668-BE54-9A1E7A4F7556}") = "BrpBipBlazor", "BrpBipBlazor\BrpBipBlazor.csproj", "{C9F189DE-D9FB-4469-B4AC-A6BF417B1124}"
EndProject
Project("{FAE04EC0-301F-11D3-BF4B-00C04F79EFBC}") = "BevragingIngeschrevenPersonen", "BevragingIngeschrevenPersonen\BevragingIngeschrevenPersonen.csproj", "{9A086231-A9DD-4292-A089-29874607B422}"
EndProject
Global
	GlobalSection(SolutionConfigurationPlatforms) = preSolution
		Debug|Any CPU = Debug|Any CPU
		Release|Any CPU = Release|Any CPU
	EndGlobalSection
	GlobalSection(ProjectConfigurationPlatforms) = postSolution
		{C9F189DE-D9FB-4469-B4AC-A6BF417B1124}.Debug|Any CPU.ActiveCfg = Debug|Any CPU
		{C9F189DE-D9FB-4469-B4AC-A6BF417B1124}.Debug|Any CPU.Build.0 = Debug|Any CPU
		{C9F189DE-D9FB-4469-B4AC-A6BF417B1124}.Release|Any CPU.ActiveCfg = Release|Any CPU
		{C9F189DE-D9FB-4469-B4AC-A6BF417B1124}.Release|Any CPU.Build.0 = Release|Any CPU
		{9A086231-A9DD-4292-A089-29874607B422}.Debug|Any CPU.ActiveCfg = Debug|Any CPU
		{9A086231-A9DD-4292-A089-29874607B422}.Debug|Any CPU.Build.0 = Debug|Any CPU
		{9A086231-A9DD-4292-A089-29874607B422}.Release|Any CPU.ActiveCfg = Release|Any CPU
		{9A086231-A9DD-4292-A089-29874607B422}.Release|Any CPU.Build.0 = Release|Any CPU
	EndGlobalSection
	GlobalSection(SolutionProperties) = preSolution
		HideSolutionNode = FALSE
	EndGlobalSection
	GlobalSection(ExtensibilityGlobals) = postSolution
		SolutionGuid = {18A5BE55-AB89-4D0C-AF16-A8D4A2DA7C92}
	EndGlobalSection
EndGlobal
